dependencies:
  chmorgan/esp-audio-player:
    dependencies: []
    source:
      path: F:\ESP32-S3-DualEye-LCD-1.28-Demo\ESP-IDF\06_Music_Player\components\chmorgan__esp-audio-player
      type: local
    version: 1.0.7
  chmorgan/esp-libhelix-mp3:
    component_hash: cbb76089dc2c5749f7b470e2e70aedc44c9da519e04eb9a67d4c7ec275229e53
    dependencies:
    - name: idf
      require: private
      version: '>=4.1.0'
    source:
      registry_url: https://components.espressif.com/
      type: service
    version: 1.0.3
  esp_lcd_gc9a01:
    dependencies: []
    source:
      path: F:\ESP32-S3-DualEye-LCD-1.28-Demo\ESP-IDF\06_Music_Player\components\esp_lcd_gc9a01
      type: local
    version: 2.0.2
  espressif/cmake_utilities:
    component_hash: 351350613ceafba240b761b4ea991e0f231ac7a9f59a9ee901f751bddc0bb18f
    dependencies:
    - name: idf
      require: private
      version: '>=4.1'
    source:
      registry_url: https://components.espressif.com/
      type: service
    version: 0.5.3
  espressif/esp-dsp:
    dependencies: []
    source:
      path: F:\ESP32-S3-DualEye-LCD-1.28-Demo\ESP-IDF\06_Music_Player\components\espressif__esp-dsp
      type: local
    version: 1.4.12
  espressif/esp-sr:
    dependencies: []
    source:
      path: F:\ESP32-S3-DualEye-LCD-1.28-Demo\ESP-IDF\06_Music_Player\components\espressif__esp-sr
      type: local
    version: 1.9.4
  espressif/esp_codec_dev:
    dependencies: []
    source:
      path: F:\ESP32-S3-DualEye-LCD-1.28-Demo\ESP-IDF\06_Music_Player\components\espressif__esp_codec_dev
      type: local
    version: 1.3.4
  espressif/esp_lcd_touch:
    dependencies: []
    source:
      path: F:\ESP32-S3-DualEye-LCD-1.28-Demo\ESP-IDF\06_Music_Player\components\espressif__esp_lcd_touch
      type: local
    version: 1.1.2
  idf:
    source:
      type: idf
    version: 5.4.1
  lvgl/lvgl:
    component_hash: 948bff879a345149b83065535bbc4a026ce9f47498a22881e432a264b9098015
    dependencies: []
    source:
      registry_url: https://components.espressif.com/
      type: service
    version: 8.3.11
direct_dependencies:
- chmorgan/esp-audio-player
- chmorgan/esp-libhelix-mp3
- espressif/cmake_utilities
- espressif/esp-dsp
- espressif/esp-sr
- espressif/esp_codec_dev
- espressif/esp_lcd_gc9a01
- espressif/esp_lcd_touch
- idf
- lvgl/lvgl
manifest_hash: bb7b2897e49431c59ae6da2158e436f8672cf30ed2b68905ec51bf7f465f39df
target: esp32s3
version: 2.0.0
